
Microsoft Visual Studio Solution File, Format Version 12.00
# Visual Studio Version 16
VisualStudioVersion = 16.0.32126.315
MinimumVisualStudioVersion = 10.0.40219.1
Project("{FAE04EC0-301F-11D3-BF4B-00C04F79EFBC}") = "Facec.exercicio", "Facec.exercicio\Facec.exercicio.csproj", "{D749C1C6-B43F-4324-982F-9D68652B4AB8}"
EndProject
Project("{2150E333-8FDC-42A3-9474-1A3956D46DE8}") = "exe4", "exe4", "{54BF23FD-0E94-4204-92EB-E16BAE8B48E5}"
EndProject
Project("{2150E333-8FDC-42A3-9474-1A3956D46DE8}") = "exe1", "exe1", "{AEC50F2E-46C3-4997-ABCD-937B212309FE}"
EndProject
Project("{2150E333-8FDC-42A3-9474-1A3956D46DE8}") = "exe2", "exe2", "{56FF3B42-8D93-427E-8473-D4F372B10668}"
EndProject
Project("{2150E333-8FDC-42A3-9474-1A3956D46DE8}") = "exe3", "exe3", "{EE65856B-B5A0-41C7-826C-D356C26A4ECE}"
EndProject
Project("{2150E333-8FDC-42A3-9474-1A3956D46DE8}") = "exe5", "exe5", "{93D6C39F-4946-4DC2-B9ED-140E05BCF930}"
EndProject
Project("{2150E333-8FDC-42A3-9474-1A3956D46DE8}") = "exe6", "exe6", "{2846F4A8-E84A-4BA3-9175-A38296D7134E}"
EndProject
Project("{2150E333-8FDC-42A3-9474-1A3956D46DE8}") = "exe7", "exe7", "{15228B7F-02CE-492E-929C-DBC4CA1BB078}"
EndProject
Project("{FAE04EC0-301F-11D3-BF4B-00C04F79EFBC}") = "facec.exec", "facec.exec\facec.exec.csproj", "{8AFA2CEB-CA03-4B5A-BCE9-13D49FD9FFBF}"
EndProject
Project("{FAE04EC0-301F-11D3-BF4B-00C04F79EFBC}") = "Calculadora", "Calculadora\Calculadora.csproj", "{0402C054-4A78-4517-A7E1-B5AD8D866117}"
EndProject
Project("{FAE04EC0-301F-11D3-BF4B-00C04F79EFBC}") = "Conversor", "Conversor\Conversor.csproj", "{DDFF4929-ED38-44A9-AD3F-CC0E64E31D46}"
EndProject
Project("{FAE04EC0-301F-11D3-BF4B-00C04F79EFBC}") = "media.combustivel", "media.combustivel\media.combustivel.csproj", "{9CC8F2BD-B5D6-4597-A6AA-8EC27A642491}"
EndProject
Project("{FAE04EC0-301F-11D3-BF4B-00C04F79EFBC}") = "vogais", "vogais\vogais.csproj", "{BAC83AF5-BACD-46A1-804A-9CF0B8985A16}"
EndProject
Project("{FAE04EC0-301F-11D3-BF4B-00C04F79EFBC}") = "consoantes", "consoantes\consoantes.csproj", "{E392DB17-913E-48EB-A2B0-573688CC1CC8}"
EndProject
Global
	GlobalSection(SolutionConfigurationPlatforms) = preSolution
		Debug|Any CPU = Debug|Any CPU
		Release|Any CPU = Release|Any CPU
	EndGlobalSection
	GlobalSection(ProjectConfigurationPlatforms) = postSolution
		{D749C1C6-B43F-4324-982F-9D68652B4AB8}.Debug|Any CPU.ActiveCfg = Debug|Any CPU
		{D749C1C6-B43F-4324-982F-9D68652B4AB8}.Debug|Any CPU.Build.0 = Debug|Any CPU
		{D749C1C6-B43F-4324-982F-9D68652B4AB8}.Release|Any CPU.ActiveCfg = Release|Any CPU
		{D749C1C6-B43F-4324-982F-9D68652B4AB8}.Release|Any CPU.Build.0 = Release|Any CPU
		{8AFA2CEB-CA03-4B5A-BCE9-13D49FD9FFBF}.Debug|Any CPU.ActiveCfg = Debug|Any CPU
		{8AFA2CEB-CA03-4B5A-BCE9-13D49FD9FFBF}.Debug|Any CPU.Build.0 = Debug|Any CPU
		{8AFA2CEB-CA03-4B5A-BCE9-13D49FD9FFBF}.Release|Any CPU.ActiveCfg = Release|Any CPU
		{8AFA2CEB-CA03-4B5A-BCE9-13D49FD9FFBF}.Release|Any CPU.Build.0 = Release|Any CPU
		{0402C054-4A78-4517-A7E1-B5AD8D866117}.Debug|Any CPU.ActiveCfg = Debug|Any CPU
		{0402C054-4A78-4517-A7E1-B5AD8D866117}.Debug|Any CPU.Build.0 = Debug|Any CPU
		{0402C054-4A78-4517-A7E1-B5AD8D866117}.Release|Any CPU.ActiveCfg = Release|Any CPU
		{0402C054-4A78-4517-A7E1-B5AD8D866117}.Release|Any CPU.Build.0 = Release|Any CPU
		{DDFF4929-ED38-44A9-AD3F-CC0E64E31D46}.Debug|Any CPU.ActiveCfg = Debug|Any CPU
		{DDFF4929-ED38-44A9-AD3F-CC0E64E31D46}.Debug|Any CPU.Build.0 = Debug|Any CPU
		{DDFF4929-ED38-44A9-AD3F-CC0E64E31D46}.Release|Any CPU.ActiveCfg = Release|Any CPU
		{DDFF4929-ED38-44A9-AD3F-CC0E64E31D46}.Release|Any CPU.Build.0 = Release|Any CPU
		{9CC8F2BD-B5D6-4597-A6AA-8EC27A642491}.Debug|Any CPU.ActiveCfg = Debug|Any CPU
		{9CC8F2BD-B5D6-4597-A6AA-8EC27A642491}.Debug|Any CPU.Build.0 = Debug|Any CPU
		{9CC8F2BD-B5D6-4597-A6AA-8EC27A642491}.Release|Any CPU.ActiveCfg = Release|Any CPU
		{9CC8F2BD-B5D6-4597-A6AA-8EC27A642491}.Release|Any CPU.Build.0 = Release|Any CPU
		{BAC83AF5-BACD-46A1-804A-9CF0B8985A16}.Debug|Any CPU.ActiveCfg = Debug|Any CPU
		{BAC83AF5-BACD-46A1-804A-9CF0B8985A16}.Debug|Any CPU.Build.0 = Debug|Any CPU
		{BAC83AF5-BACD-46A1-804A-9CF0B8985A16}.Release|Any CPU.ActiveCfg = Release|Any CPU
		{BAC83AF5-BACD-46A1-804A-9CF0B8985A16}.Release|Any CPU.Build.0 = Release|Any CPU
		{E392DB17-913E-48EB-A2B0-573688CC1CC8}.Debug|Any CPU.ActiveCfg = Debug|Any CPU
		{E392DB17-913E-48EB-A2B0-573688CC1CC8}.Debug|Any CPU.Build.0 = Debug|Any CPU
		{E392DB17-913E-48EB-A2B0-573688CC1CC8}.Release|Any CPU.ActiveCfg = Release|Any CPU
		{E392DB17-913E-48EB-A2B0-573688CC1CC8}.Release|Any CPU.Build.0 = Release|Any CPU
	EndGlobalSection
	GlobalSection(SolutionProperties) = preSolution
		HideSolutionNode = FALSE
	EndGlobalSection
	GlobalSection(NestedProjects) = preSolution
		{D749C1C6-B43F-4324-982F-9D68652B4AB8} = {54BF23FD-0E94-4204-92EB-E16BAE8B48E5}
		{8AFA2CEB-CA03-4B5A-BCE9-13D49FD9FFBF} = {AEC50F2E-46C3-4997-ABCD-937B212309FE}
		{0402C054-4A78-4517-A7E1-B5AD8D866117} = {93D6C39F-4946-4DC2-B9ED-140E05BCF930}
		{DDFF4929-ED38-44A9-AD3F-CC0E64E31D46} = {56FF3B42-8D93-427E-8473-D4F372B10668}
		{9CC8F2BD-B5D6-4597-A6AA-8EC27A642491} = {EE65856B-B5A0-41C7-826C-D356C26A4ECE}
		{BAC83AF5-BACD-46A1-804A-9CF0B8985A16} = {2846F4A8-E84A-4BA3-9175-A38296D7134E}
		{E392DB17-913E-48EB-A2B0-573688CC1CC8} = {15228B7F-02CE-492E-929C-DBC4CA1BB078}
	EndGlobalSection
	GlobalSection(ExtensibilityGlobals) = postSolution
		SolutionGuid = {0B206CEC-C75C-4E08-9939-D5310B83DAC3}
	EndGlobalSection
EndGlobal
